// !$*UTF8*$!
{ archiveVersion = 1; classes = {}; objectVersion = 56; objects = {
00000000000000000000000A = { isa = PBXFileReference; lastKnownFileType = sourcecode.swift; path = Clip.swift; sourceTree = "<group>"; };
000000000000000000000014 = { isa = PBXBuildFile; fileRef = 00000000000000000000000A; };
00000000000000000000000B = { isa = PBXFileReference; lastKnownFileType = sourcecode.swift; path = MediaPipeline.swift; sourceTree = "<group>"; };
000000000000000000000015 = { isa = PBXBuildFile; fileRef = 00000000000000000000000B; };
00000000000000000000000C = { isa = PBXFileReference; lastKnownFileType = sourcecode.swift; path = LiveCutApp.swift; sourceTree = "<group>"; };
000000000000000000000016 = { isa = PBXBuildFile; fileRef = 00000000000000000000000C; };
000000000000000000000022 = { isa = PBXFileReference; lastKnownFileType = sourcecode.swift; path = AppModel.swift; sourceTree = "<group>"; };
000000000000000000000023 = { isa = PBXBuildFile; fileRef = 000000000000000000000022; };
000000000000000000000024 = { isa = PBXFileReference; lastKnownFileType = sourcecode.swift; path = DesignSystem.swift; sourceTree = "<group>"; };
000000000000000000000025 = { isa = PBXBuildFile; fileRef = 000000000000000000000024; };
000000000000000000000026 = { isa = PBXFileReference; lastKnownFileType = sourcecode.swift; path = TimelineViews.swift; sourceTree = "<group>"; };
000000000000000000000027 = { isa = PBXBuildFile; fileRef = 000000000000000000000026; };
000000000000000000000028 = { isa = PBXFileReference; lastKnownFileType = folder.assetcatalog; path = Assets.xcassets; sourceTree = "<group>"; };
000000000000000000000029 = { isa = PBXBuildFile; fileRef = 000000000000000000000028; };
000000000000000000000001 = { isa = PBXProject; attributes = { LastUpgradeCheck = 2660; }; buildConfigurationList = 000000000000000000000005; compatibilityVersion = "Xcode 14.0"; developmentRegion = "zh-Hans"; knownRegions = ("zh-Hans", en, Base); mainGroup = 000000000000000000000002; productRefGroup = 000000000000000000000003; projectDirPath = ""; targets = (000000000000000000000004); };
000000000000000000000002 = { isa = PBXGroup; children = (000000000000000000000006, 000000000000000000000003); sourceTree = "<group>"; };
000000000000000000000003 = { isa = PBXGroup; children = (000000000000000000000007); name = Products; sourceTree = "<group>"; };
000000000000000000000004 = { isa = PBXNativeTarget; buildConfigurationList = 000000000000000000000008; buildPhases = (000000000000000000000009,00000000000000000000002A); buildRules = (); dependencies = (); name = LiveCut; productName = LiveCut; productReference = 000000000000000000000007; productType = "com.apple.product-type.application"; };
000000000000000000000005 = { isa = XCConfigurationList; buildConfigurations = (00000000000000000000001E,00000000000000000000001F); defaultConfigurationIsVisible = 0; defaultConfigurationName = Release; };
000000000000000000000006 = { isa = PBXGroup; children = (00000000000000000000000A,00000000000000000000000B,00000000000000000000000C,000000000000000000000022,000000000000000000000024,000000000000000000000026,000000000000000000000028); path = LiveCut; sourceTree = "<group>"; };
000000000000000000000007 = { isa = PBXFileReference; explicitFileType = wrapper.application; path = LiveCut.app; sourceTree = BUILT_PRODUCTS_DIR; };
000000000000000000000008 = { isa = XCConfigurationList; buildConfigurations = (000000000000000000000020,000000000000000000000021); defaultConfigurationIsVisible = 0; defaultConfigurationName = Release; };
000000000000000000000009 = { isa = PBXSourcesBuildPhase; buildActionMask = 2147483647; files = (000000000000000000000014,000000000000000000000015,000000000000000000000016,000000000000000000000023,000000000000000000000025,000000000000000000000027); runOnlyForDeploymentPostprocessing = 0; };
00000000000000000000002A = { isa = PBXResourcesBuildPhase; buildActionMask = 2147483647; files = (000000000000000000000029); runOnlyForDeploymentPostprocessing = 0; };
00000000000000000000001E = { isa = XCBuildConfiguration; name = Debug; buildSettings = { SDKROOT = iphoneos; IPHONEOS_DEPLOYMENT_TARGET = 17.0; CLANG_ENABLE_MODULES = YES; SWIFT_VERSION = 5.0; }; };
00000000000000000000001F = { isa = XCBuildConfiguration; name = Release; buildSettings = { SDKROOT = iphoneos; IPHONEOS_DEPLOYMENT_TARGET = 17.0; CLANG_ENABLE_MODULES = YES; SWIFT_VERSION = 5.0; }; };
000000000000000000000020 = { isa = XCBuildConfiguration; name = Debug; buildSettings = { ASSETCATALOG_COMPILER_APPICON_NAME = AppIcon; DEVELOPMENT_TEAM = N3UQ84CT92; PRODUCT_BUNDLE_IDENTIFIER = com.n3uq84ct92.livecut; PRODUCT_NAME = "$(TARGET_NAME)"; INFOPLIST_FILE = LiveCut/Info.plist; TARGETED_DEVICE_FAMILY = 1; CODE_SIGN_STYLE = Automatic; SWIFT_OPTIMIZATION_LEVEL = "-Onone"; }; };
000000000000000000000021 = { isa = XCBuildConfiguration; name = Release; buildSettings = { ASSETCATALOG_COMPILER_APPICON_NAME = AppIcon; DEVELOPMENT_TEAM = N3UQ84CT92; PRODUCT_BUNDLE_IDENTIFIER = com.n3uq84ct92.livecut; PRODUCT_NAME = "$(TARGET_NAME)"; INFOPLIST_FILE = LiveCut/Info.plist; TARGETED_DEVICE_FAMILY = 1; CODE_SIGN_STYLE = Automatic; SWIFT_OPTIMIZATION_LEVEL = "-O"; }; };
}; rootObject = 000000000000000000000001; }
